# THIS IS AN AUTOGENERATED FILE. DO NOT EDIT THIS FILE DIRECTLY.
# yarn lockfile v1


"@babel/runtime@^7.10.5", "@babel/runtime@^7.4.5", "@babel/runtime@^7.7.2":
  version "7.14.8"
  resolved "http://nexus.saas.hand-china.com/repository/hzero-npm-group/@babel/runtime/-/runtime-7.14.8.tgz#7119a56f421018852694290b9f9148097391b446"
  integrity sha1-cRmlb0IQGIUmlCkLn5FICXORtEY=
  dependencies:
    regenerator-runtime "^0.13.4"

"@umijs/plugin-model@^2.6.1":
  version "2.6.1"
  resolved "http://nexus.saas.hand-china.com/repository/hzero-npm-group/@umijs/plugin-model/-/plugin-model-2.6.1.tgz#494be2449989baa08b0b382c09122ffa0e2374af"
  integrity sha1-SUviRJmJuqCLCzgsCRIv+g4jdK8=
  dependencies:
    fast-deep-equal "3.1.1"

"@umijs/plugin-qiankun@^2.27.0":
  version "2.27.0"
  resolved "http://nexus.saas.hand-china.com/repository/hzero-npm-group/@umijs/plugin-qiankun/-/plugin-qiankun-2.27.0.tgz#15da23254816210b36ae9da2b7e99dbd7926bcc5"
  integrity sha1-FdojJUgWIQs2rp2it+mdvXkmvMU=
  dependencies:
    "@babel/runtime" "^7.4.5"
    address "^1.1.2"
    lodash "^4.17.15"
    path-to-regexp "^1.7.0"
    qiankun "^2.2.1"

address@^1.1.2:
  version "1.1.2"
  resolved "http://nexus.saas.hand-china.com/repository/hzero-npm-group/address/-/address-1.1.2.tgz#bf1116c9c758c51b7a933d296b72c221ed9428b6"
  integrity sha1-vxEWycdYxRt6kz0pa3LCIe2UKLY=

fast-deep-equal@3.1.1:
  version "3.1.1"
  resolved "http://nexus.saas.hand-china.com/repository/hzero-npm-group/fast-deep-equal/-/fast-deep-equal-3.1.1.tgz#545145077c501491e33b15ec408c294376e94ae4"
  integrity sha1-VFFFB3xQFJHjOxXsQIwpQ3bpSuQ=

import-html-entry@^1.9.0:
  version "1.11.1"
  resolved "http://nexus.saas.hand-china.com/repository/hzero-npm-group/import-html-entry/-/import-html-entry-1.11.1.tgz#3d8c5977926bdd122ab8e658965c102068b4af8d"
  integrity sha1-PYxZd5Jr3RIquOZYllwQIGi0r40=
  dependencies:
    "@babel/runtime" "^7.7.2"

isarray@0.0.1:
  version "0.0.1"
  resolved "http://nexus.saas.hand-china.com/repository/hzero-npm-group/isarray/-/isarray-0.0.1.tgz#8a18acfca9a8f4177e09abfc6038939b05d1eedf"
  integrity sha1-ihis/Kmo9Bd+Cav8YDiTmwXR7t8=

lodash@^4.17.11, lodash@^4.17.15:
  version "4.17.21"
  resolved "http://nexus.saas.hand-china.com/repository/hzero-npm-group/lodash/-/lodash-4.17.21.tgz#679591c564c3bffaae8454cf0b3df370c3d6911c"
  integrity sha1-Z5WRxWTDv/quhFTPCz3zcMPWkRw=

path-to-regexp@^1.7.0:
  version "1.8.0"
  resolved "http://nexus.saas.hand-china.com/repository/hzero-npm-group/path-to-regexp/-/path-to-regexp-1.8.0.tgz#887b3ba9d84393e87a0a0b9f4cb756198b53548a"
  integrity sha1-iHs7qdhDk+h6CgufTLdWGYtTVIo=
  dependencies:
    isarray "0.0.1"

qiankun@^2.2.1:
  version "2.4.5"
  resolved "http://nexus.saas.hand-china.com/repository/hzero-npm-group/qiankun/-/qiankun-2.4.5.tgz#7dab983fa1a3c80184e29d6d43771f2992293b0a"
  integrity sha1-fauYP6GjyAGE4p1tQ3cfKZIpOwo=
  dependencies:
    "@babel/runtime" "^7.10.5"
    import-html-entry "^1.9.0"
    lodash "^4.17.11"
    single-spa "^5.9.2"
    tslib "^1.10.0"

regenerator-runtime@^0.13.4:
  version "0.13.9"
  resolved "http://nexus.saas.hand-china.com/repository/hzero-npm-group/regenerator-runtime/-/regenerator-runtime-0.13.9.tgz#8925742a98ffd90814988d7566ad30ca3b263b52"
  integrity sha1-iSV0Kpj/2QgUmI11Zq0wyjsmO1I=

single-spa@^5.9.2:
  version "5.9.3"
  resolved "http://nexus.saas.hand-china.com/repository/hzero-npm-group/single-spa/-/single-spa-5.9.3.tgz#2d151cbb3b273629a5b27b30a3b8ca847dcba4c5"
  integrity sha1-LRUcuzsnNimlsnswo7jKhH3LpMU=

tslib@^1.10.0:
  version "1.14.1"
  resolved "http://nexus.saas.hand-china.com/repository/hzero-npm-group/tslib/-/tslib-1.14.1.tgz#cf2d38bdc34a134bcaf1091c41f6619e2f672d00"
  integrity sha1-zy04vcNKE0vK8QkcQfZhni9nLQA=
